
Microsoft Visual Studio Solution File, Format Version 12.00
# Visual Studio Version 17
VisualStudioVersion = 17.6.33815.320
MinimumVisualStudioVersion = 10.0.40219.1
Project("{9A19103F-16F7-4668-BE54-9A1E7A4F7556}") = "Barometer.API", "Barometer.API\Barometer.API.csproj", "{A6AA15C8-976E-4E3D-AD64-DF46A88EBEAE}"
EndProject
Project("{9A19103F-16F7-4668-BE54-9A1E7A4F7556}") = "Barometer.DAL", "Barometer.Data\Barometer.DAL.csproj", "{07786574-D77A-4DC8-9904-383C5BE8F38A}"
EndProject
Project("{FAE04EC0-301F-11D3-BF4B-00C04F79EFBC}") = "Barometer.DTO", "Barometer.DTO\Barometer.DTO.csproj", "{BE3BA592-2705-4E17-9B97-2DE3665EE2C6}"
EndProject
Project("{FAE04EC0-301F-11D3-BF4B-00C04F79EFBC}") = "Barometer.BLL", "Barometer.BLL\Barometer.BLL.csproj", "{5125E72D-C859-40D8-B1ED-8941607A547D}"
EndProject
Global
	GlobalSection(SolutionConfigurationPlatforms) = preSolution
		Debug|Any CPU = Debug|Any CPU
		Release|Any CPU = Release|Any CPU
	EndGlobalSection
	GlobalSection(ProjectConfigurationPlatforms) = postSolution
		{A6AA15C8-976E-4E3D-AD64-DF46A88EBEAE}.Debug|Any CPU.ActiveCfg = Debug|Any CPU
		{A6AA15C8-976E-4E3D-AD64-DF46A88EBEAE}.Debug|Any CPU.Build.0 = Debug|Any CPU
		{A6AA15C8-976E-4E3D-AD64-DF46A88EBEAE}.Release|Any CPU.ActiveCfg = Release|Any CPU
		{A6AA15C8-976E-4E3D-AD64-DF46A88EBEAE}.Release|Any CPU.Build.0 = Release|Any CPU
		{07786574-D77A-4DC8-9904-383C5BE8F38A}.Debug|Any CPU.ActiveCfg = Debug|Any CPU
		{07786574-D77A-4DC8-9904-383C5BE8F38A}.Debug|Any CPU.Build.0 = Debug|Any CPU
		{07786574-D77A-4DC8-9904-383C5BE8F38A}.Release|Any CPU.ActiveCfg = Release|Any CPU
		{07786574-D77A-4DC8-9904-383C5BE8F38A}.Release|Any CPU.Build.0 = Release|Any CPU
		{BE3BA592-2705-4E17-9B97-2DE3665EE2C6}.Debug|Any CPU.ActiveCfg = Debug|Any CPU
		{BE3BA592-2705-4E17-9B97-2DE3665EE2C6}.Debug|Any CPU.Build.0 = Debug|Any CPU
		{BE3BA592-2705-4E17-9B97-2DE3665EE2C6}.Release|Any CPU.ActiveCfg = Release|Any CPU
		{BE3BA592-2705-4E17-9B97-2DE3665EE2C6}.Release|Any CPU.Build.0 = Release|Any CPU
		{5125E72D-C859-40D8-B1ED-8941607A547D}.Debug|Any CPU.ActiveCfg = Debug|Any CPU
		{5125E72D-C859-40D8-B1ED-8941607A547D}.Debug|Any CPU.Build.0 = Debug|Any CPU
		{5125E72D-C859-40D8-B1ED-8941607A547D}.Release|Any CPU.ActiveCfg = Release|Any CPU
		{5125E72D-C859-40D8-B1ED-8941607A547D}.Release|Any CPU.Build.0 = Release|Any CPU
	EndGlobalSection
	GlobalSection(SolutionProperties) = preSolution
		HideSolutionNode = FALSE
	EndGlobalSection
	GlobalSection(ExtensibilityGlobals) = postSolution
		SolutionGuid = {A9F515A8-3057-4CBA-923E-E5D3DB792848}
	EndGlobalSection
EndGlobal
